
Microsoft Visual Studio Solution File, Format Version 11.00
# Visual Studio 2010
Project("{FAE04EC0-301F-11D3-BF4B-00C04F79EFBC}") = "NewAssembly", "NewAssembly.csproj", "{28326603-8ade-5bc6-53fd-65b8c48eab40}"
EndProject
Project("{FAE04EC0-301F-11D3-BF4B-00C04F79EFBC}") = "Assembly-CSharp", "Assembly-CSharp.csproj", "{02d9fa5e-94f2-c756-527d-7cf353e2245a}"
EndProject
Project("{FAE04EC0-301F-11D3-BF4B-00C04F79EFBC}") = "Assembly-CSharp-Editor", "Assembly-CSharp-Editor.csproj", "{04d677ce-b4da-3259-9b13-0fe1275c91f9}"
EndProject
Global
	GlobalSection(SolutionConfigurationPlatforms) = preSolution
		Debug|Any CPU = Debug|Any CPU
	EndGlobalSection
	GlobalSection(ProjectConfigurationPlatforms) = postSolution
		{28326603-8ade-5bc6-53fd-65b8c48eab40}.Debug|Any CPU.ActiveCfg = Debug|Any CPU
		{28326603-8ade-5bc6-53fd-65b8c48eab40}.Debug|Any CPU.Build.0 = Debug|Any CPU
		{02d9fa5e-94f2-c756-527d-7cf353e2245a}.Debug|Any CPU.ActiveCfg = Debug|Any CPU
		{02d9fa5e-94f2-c756-527d-7cf353e2245a}.Debug|Any CPU.Build.0 = Debug|Any CPU
		{04d677ce-b4da-3259-9b13-0fe1275c91f9}.Debug|Any CPU.ActiveCfg = Debug|Any CPU
		{04d677ce-b4da-3259-9b13-0fe1275c91f9}.Debug|Any CPU.Build.0 = Debug|Any CPU
	EndGlobalSection
	GlobalSection(SolutionProperties) = preSolution
		HideSolutionNode = FALSE
	EndGlobalSection
EndGlobal
